
Microsoft Visual Studio Solution File, Format Version 12.00
# Visual Studio Version 17
VisualStudioVersion = 17.3.32929.385
MinimumVisualStudioVersion = 10.0.40219.1
Project("{FAE04EC0-301F-11D3-BF4B-00C04F79EFBC}") = "ImageCarousel", "ImageCarousel\ImageCarousel.csproj", "{6FE2FD59-E1CB-4414-B1F7-B90F9299FABD}"
EndProject
Global
	GlobalSection(SolutionConfigurationPlatforms) = preSolution
		Debug|Any CPU = Debug|Any CPU
		Release|Any CPU = Release|Any CPU
	EndGlobalSection
	GlobalSection(ProjectConfigurationPlatforms) = postSolution
		{6FE2FD59-E1CB-4414-B1F7-B90F9299FABD}.Debug|Any CPU.ActiveCfg = Debug|Any CPU
		{6FE2FD59-E1CB-4414-B1F7-B90F9299FABD}.Debug|Any CPU.Build.0 = Debug|Any CPU
		{6FE2FD59-E1CB-4414-B1F7-B90F9299FABD}.Release|Any CPU.ActiveCfg = Release|Any CPU
		{6FE2FD59-E1CB-4414-B1F7-B90F9299FABD}.Release|Any CPU.Build.0 = Release|Any CPU
	EndGlobalSection
	GlobalSection(SolutionProperties) = preSolution
		HideSolutionNode = FALSE
	EndGlobalSection
	GlobalSection(ExtensibilityGlobals) = postSolution
		SolutionGuid = {E67D4933-7692-4AC4-9A3E-E253FAB4D8DC}
	EndGlobalSection
EndGlobal
